
Microsoft Visual Studio Solution File, Format Version 12.00
# Visual Studio Version 17
VisualStudioVersion = 17.14.36623.8
MinimumVisualStudioVersion = 10.0.40219.1
Project("{2150E333-8FDC-42A3-9474-1A3956D46DE8}") = "src", "src", "{02EA681E-C7D8-13C7-8484-4AC65E1B71E8}"
EndProject
Project("{2150E333-8FDC-42A3-9474-1A3956D46DE8}") = "Core", "Core", "{E7D7E96A-3DF5-4634-A030-F966EDD25F86}"
EndProject
Project("{2150E333-8FDC-42A3-9474-1A3956D46DE8}") = "Presentation", "Presentation", "{38C85DA4-62A8-4F05-AC68-2739C607D239}"
EndProject
Project("{2150E333-8FDC-42A3-9474-1A3956D46DE8}") = "Infrastructure", "Infrastructure", "{B05F6CFE-A3BB-486E-B77D-0BD1A541970B}"
EndProject
Project("{2150E333-8FDC-42A3-9474-1A3956D46DE8}") = "tests", "tests", "{A0CF2343-2354-427D-B62C-CDFF76296C46}"
EndProject
Project("{2150E333-8FDC-42A3-9474-1A3956D46DE8}") = "Core", "Core", "{171268D4-D351-43FB-98AA-D8985A4F1235}"
EndProject
Project("{2150E333-8FDC-42A3-9474-1A3956D46DE8}") = "Infrastructure", "Infrastructure", "{8F998D96-41A5-488C-821A-3F1B6BF8B139}"
EndProject
Project("{2150E333-8FDC-42A3-9474-1A3956D46DE8}") = "Docs", "Docs", "{A0F42006-264E-4528-8D6A-721E86C2B472}"
EndProject
Project("{FAE04EC0-301F-11D3-BF4B-00C04F79EFBC}") = "Egide.Domain", "src\Core\Egide.Domain\Egide.Domain.csproj", "{BC313DF3-7F70-407D-A6DE-A37D2C0A83A1}"
EndProject
Project("{FAE04EC0-301F-11D3-BF4B-00C04F79EFBC}") = "Egide.Application", "src\Core\Egide.Application\Egide.Application.csproj", "{5D4DC639-32BB-4A6E-A3DB-E895E9CEC759}"
EndProject
Project("{FAE04EC0-301F-11D3-BF4B-00C04F79EFBC}") = "Egide.Infrastructure", "src\Infrastructure\Egide.Infrastructure\Egide.Infrastructure.csproj", "{0722188F-D0DE-4C1A-B7BF-BEE5FFB0EF06}"
EndProject
Project("{FAE04EC0-301F-11D3-BF4B-00C04F79EFBC}") = "Egide.Domain.Tests", "tests\Core\Egide.Domain.Tests\Egide.Domain.Tests.csproj", "{5FD90DC4-3077-4C91-9B86-80A29CCEDA6E}"
EndProject
Project("{FAE04EC0-301F-11D3-BF4B-00C04F79EFBC}") = "Egide.Application.Tests", "tests\Core\Egide.Application.Tests\Egide.Application.Tests.csproj", "{FC2D554F-2B4B-4290-8992-32249F14B42C}"
EndProject
Project("{FAE04EC0-301F-11D3-BF4B-00C04F79EFBC}") = "Egide.Infrastructure.Tests", "tests\Infrastructure\Egide.Infrastructure.Tests\Egide.Infrastructure.Tests.csproj", "{B9E54E4C-0F37-486A-AF5F-87A16AB430D3}"
EndProject
Global
	GlobalSection(SolutionConfigurationPlatforms) = preSolution
		Debug|Any CPU = Debug|Any CPU
		Debug|x64 = Debug|x64
		Debug|x86 = Debug|x86
		Release|Any CPU = Release|Any CPU
		Release|x64 = Release|x64
		Release|x86 = Release|x86
	EndGlobalSection
	GlobalSection(ProjectConfigurationPlatforms) = postSolution
		{BC313DF3-7F70-407D-A6DE-A37D2C0A83A1}.Debug|Any CPU.ActiveCfg = Debug|Any CPU
		{BC313DF3-7F70-407D-A6DE-A37D2C0A83A1}.Debug|Any CPU.Build.0 = Debug|Any CPU
		{BC313DF3-7F70-407D-A6DE-A37D2C0A83A1}.Debug|x64.ActiveCfg = Debug|Any CPU
		{BC313DF3-7F70-407D-A6DE-A37D2C0A83A1}.Debug|x64.Build.0 = Debug|Any CPU
		{BC313DF3-7F70-407D-A6DE-A37D2C0A83A1}.Debug|x86.ActiveCfg = Debug|Any CPU
		{BC313DF3-7F70-407D-A6DE-A37D2C0A83A1}.Debug|x86.Build.0 = Debug|Any CPU
		{BC313DF3-7F70-407D-A6DE-A37D2C0A83A1}.Release|Any CPU.ActiveCfg = Release|Any CPU
		{BC313DF3-7F70-407D-A6DE-A37D2C0A83A1}.Release|Any CPU.Build.0 = Release|Any CPU
		{BC313DF3-7F70-407D-A6DE-A37D2C0A83A1}.Release|x64.ActiveCfg = Release|Any CPU
		{BC313DF3-7F70-407D-A6DE-A37D2C0A83A1}.Release|x64.Build.0 = Release|Any CPU
		{BC313DF3-7F70-407D-A6DE-A37D2C0A83A1}.Release|x86.ActiveCfg = Release|Any CPU
		{BC313DF3-7F70-407D-A6DE-A37D2C0A83A1}.Release|x86.Build.0 = Release|Any CPU
		{5D4DC639-32BB-4A6E-A3DB-E895E9CEC759}.Debug|Any CPU.ActiveCfg = Debug|Any CPU
		{5D4DC639-32BB-4A6E-A3DB-E895E9CEC759}.Debug|Any CPU.Build.0 = Debug|Any CPU
		{5D4DC639-32BB-4A6E-A3DB-E895E9CEC759}.Debug|x64.ActiveCfg = Debug|Any CPU
		{5D4DC639-32BB-4A6E-A3DB-E895E9CEC759}.Debug|x64.Build.0 = Debug|Any CPU
		{5D4DC639-32BB-4A6E-A3DB-E895E9CEC759}.Debug|x86.ActiveCfg = Debug|Any CPU
		{5D4DC639-32BB-4A6E-A3DB-E895E9CEC759}.Debug|x86.Build.0 = Debug|Any CPU
		{5D4DC639-32BB-4A6E-A3DB-E895E9CEC759}.Release|Any CPU.ActiveCfg = Release|Any CPU
		{5D4DC639-32BB-4A6E-A3DB-E895E9CEC759}.Release|Any CPU.Build.0 = Release|Any CPU
		{5D4DC639-32BB-4A6E-A3DB-E895E9CEC759}.Release|x64.ActiveCfg = Release|Any CPU
		{5D4DC639-32BB-4A6E-A3DB-E895E9CEC759}.Release|x64.Build.0 = Release|Any CPU
		{5D4DC639-32BB-4A6E-A3DB-E895E9CEC759}.Release|x86.ActiveCfg = Release|Any CPU
		{5D4DC639-32BB-4A6E-A3DB-E895E9CEC759}.Release|x86.Build.0 = Release|Any CPU
		{0722188F-D0DE-4C1A-B7BF-BEE5FFB0EF06}.Debug|Any CPU.ActiveCfg = Debug|Any CPU
		{0722188F-D0DE-4C1A-B7BF-BEE5FFB0EF06}.Debug|Any CPU.Build.0 = Debug|Any CPU
		{0722188F-D0DE-4C1A-B7BF-BEE5FFB0EF06}.Debug|x64.ActiveCfg = Debug|Any CPU
		{0722188F-D0DE-4C1A-B7BF-BEE5FFB0EF06}.Debug|x64.Build.0 = Debug|Any CPU
		{0722188F-D0DE-4C1A-B7BF-BEE5FFB0EF06}.Debug|x86.ActiveCfg = Debug|Any CPU
		{0722188F-D0DE-4C1A-B7BF-BEE5FFB0EF06}.Debug|x86.Build.0 = Debug|Any CPU
		{0722188F-D0DE-4C1A-B7BF-BEE5FFB0EF06}.Release|Any CPU.ActiveCfg = Release|Any CPU
		{0722188F-D0DE-4C1A-B7BF-BEE5FFB0EF06}.Release|Any CPU.Build.0 = Release|Any CPU
		{0722188F-D0DE-4C1A-B7BF-BEE5FFB0EF06}.Release|x64.ActiveCfg = Release|Any CPU
		{0722188F-D0DE-4C1A-B7BF-BEE5FFB0EF06}.Release|x64.Build.0 = Release|Any CPU
		{0722188F-D0DE-4C1A-B7BF-BEE5FFB0EF06}.Release|x86.ActiveCfg = Release|Any CPU
		{0722188F-D0DE-4C1A-B7BF-BEE5FFB0EF06}.Release|x86.Build.0 = Release|Any CPU
		{5FD90DC4-3077-4C91-9B86-80A29CCEDA6E}.Debug|Any CPU.ActiveCfg = Debug|Any CPU
		{5FD90DC4-3077-4C91-9B86-80A29CCEDA6E}.Debug|Any CPU.Build.0 = Debug|Any CPU
		{5FD90DC4-3077-4C91-9B86-80A29CCEDA6E}.Debug|x64.ActiveCfg = Debug|Any CPU
		{5FD90DC4-3077-4C91-9B86-80A29CCEDA6E}.Debug|x64.Build.0 = Debug|Any CPU
		{5FD90DC4-3077-4C91-9B86-80A29CCEDA6E}.Debug|x86.ActiveCfg = Debug|Any CPU
		{5FD90DC4-3077-4C91-9B86-80A29CCEDA6E}.Debug|x86.Build.0 = Debug|Any CPU
		{5FD90DC4-3077-4C91-9B86-80A29CCEDA6E}.Release|Any CPU.ActiveCfg = Release|Any CPU
		{5FD90DC4-3077-4C91-9B86-80A29CCEDA6E}.Release|Any CPU.Build.0 = Release|Any CPU
		{5FD90DC4-3077-4C91-9B86-80A29CCEDA6E}.Release|x64.ActiveCfg = Release|Any CPU
		{5FD90DC4-3077-4C91-9B86-80A29CCEDA6E}.Release|x64.Build.0 = Release|Any CPU
		{5FD90DC4-3077-4C91-9B86-80A29CCEDA6E}.Release|x86.ActiveCfg = Release|Any CPU
		{5FD90DC4-3077-4C91-9B86-80A29CCEDA6E}.Release|x86.Build.0 = Release|Any CPU
		{FC2D554F-2B4B-4290-8992-32249F14B42C}.Debug|Any CPU.ActiveCfg = Debug|Any CPU
		{FC2D554F-2B4B-4290-8992-32249F14B42C}.Debug|Any CPU.Build.0 = Debug|Any CPU
		{FC2D554F-2B4B-4290-8992-32249F14B42C}.Debug|x64.ActiveCfg = Debug|Any CPU
		{FC2D554F-2B4B-4290-8992-32249F14B42C}.Debug|x64.Build.0 = Debug|Any CPU
		{FC2D554F-2B4B-4290-8992-32249F14B42C}.Debug|x86.ActiveCfg = Debug|Any CPU
		{FC2D554F-2B4B-4290-8992-32249F14B42C}.Debug|x86.Build.0 = Debug|Any CPU
		{FC2D554F-2B4B-4290-8992-32249F14B42C}.Release|Any CPU.ActiveCfg = Release|Any CPU
		{FC2D554F-2B4B-4290-8992-32249F14B42C}.Release|Any CPU.Build.0 = Release|Any CPU
		{FC2D554F-2B4B-4290-8992-32249F14B42C}.Release|x64.ActiveCfg = Release|Any CPU
		{FC2D554F-2B4B-4290-8992-32249F14B42C}.Release|x64.Build.0 = Release|Any CPU
		{FC2D554F-2B4B-4290-8992-32249F14B42C}.Release|x86.ActiveCfg = Release|Any CPU
		{FC2D554F-2B4B-4290-8992-32249F14B42C}.Release|x86.Build.0 = Release|Any CPU
		{B9E54E4C-0F37-486A-AF5F-87A16AB430D3}.Debug|Any CPU.ActiveCfg = Debug|Any CPU
		{B9E54E4C-0F37-486A-AF5F-87A16AB430D3}.Debug|Any CPU.Build.0 = Debug|Any CPU
		{B9E54E4C-0F37-486A-AF5F-87A16AB430D3}.Debug|x64.ActiveCfg = Debug|Any CPU
		{B9E54E4C-0F37-486A-AF5F-87A16AB430D3}.Debug|x64.Build.0 = Debug|Any CPU
		{B9E54E4C-0F37-486A-AF5F-87A16AB430D3}.Debug|x86.ActiveCfg = Debug|Any CPU
		{B9E54E4C-0F37-486A-AF5F-87A16AB430D3}.Debug|x86.Build.0 = Debug|Any CPU
		{B9E54E4C-0F37-486A-AF5F-87A16AB430D3}.Release|Any CPU.ActiveCfg = Release|Any CPU
		{B9E54E4C-0F37-486A-AF5F-87A16AB430D3}.Release|Any CPU.Build.0 = Release|Any CPU
		{B9E54E4C-0F37-486A-AF5F-87A16AB430D3}.Release|x64.ActiveCfg = Release|Any CPU
		{B9E54E4C-0F37-486A-AF5F-87A16AB430D3}.Release|x64.Build.0 = Release|Any CPU
		{B9E54E4C-0F37-486A-AF5F-87A16AB430D3}.Release|x86.ActiveCfg = Release|Any CPU
		{B9E54E4C-0F37-486A-AF5F-87A16AB430D3}.Release|x86.Build.0 = Release|Any CPU
	EndGlobalSection
	GlobalSection(SolutionProperties) = preSolution
		HideSolutionNode = FALSE
	EndGlobalSection
	GlobalSection(NestedProjects) = preSolution
		{E7D7E96A-3DF5-4634-A030-F966EDD25F86} = {02EA681E-C7D8-13C7-8484-4AC65E1B71E8}
		{38C85DA4-62A8-4F05-AC68-2739C607D239} = {02EA681E-C7D8-13C7-8484-4AC65E1B71E8}
		{B05F6CFE-A3BB-486E-B77D-0BD1A541970B} = {02EA681E-C7D8-13C7-8484-4AC65E1B71E8}
		{171268D4-D351-43FB-98AA-D8985A4F1235} = {A0CF2343-2354-427D-B62C-CDFF76296C46}
		{8F998D96-41A5-488C-821A-3F1B6BF8B139} = {A0CF2343-2354-427D-B62C-CDFF76296C46}
		{BC313DF3-7F70-407D-A6DE-A37D2C0A83A1} = {E7D7E96A-3DF5-4634-A030-F966EDD25F86}
		{5D4DC639-32BB-4A6E-A3DB-E895E9CEC759} = {E7D7E96A-3DF5-4634-A030-F966EDD25F86}
		{0722188F-D0DE-4C1A-B7BF-BEE5FFB0EF06} = {B05F6CFE-A3BB-486E-B77D-0BD1A541970B}
		{5FD90DC4-3077-4C91-9B86-80A29CCEDA6E} = {171268D4-D351-43FB-98AA-D8985A4F1235}
		{FC2D554F-2B4B-4290-8992-32249F14B42C} = {171268D4-D351-43FB-98AA-D8985A4F1235}
		{B9E54E4C-0F37-486A-AF5F-87A16AB430D3} = {8F998D96-41A5-488C-821A-3F1B6BF8B139}
	EndGlobalSection
	GlobalSection(ExtensibilityGlobals) = postSolution
		SolutionGuid = {DBDFB42F-72C8-4790-A4BD-D478A56E7FAB}
	EndGlobalSection
EndGlobal
